PODS:
  - Kingfisher (7.6.1)
  - SwiftyJSON (5.0.1)

DEPENDENCIES:
  - Kingfisher (= 7.6.1)
  - SwiftyJSON

SPEC REPOS:
  trunk:
    - Kingfisher
    - SwiftyJSON

SPEC CHECKSUMS:
  Kingfisher: 93a3c6d0d551658a31e19f21747e1d15cb39d525
  SwiftyJSON: 2f33a42c6fbc52764d96f13368585094bfd8aa5e

PODFILE CHECKSUM: 1e3961152b5a4ed6d7fc92a52e72b4da01af8cb4

COCOAPODS: 1.14.3
